
Microsoft Visual Studio Solution File, Format Version 12.00
# Visual Studio Version 16
VisualStudioVersion = 16.0.29613.14
MinimumVisualStudioVersion = 10.0.40219.1
Project("{FAE04EC0-301F-11D3-BF4B-00C04F79EFBC}") = "Life_Simulator", "Life_Simulator.csproj", "{0D1BBEAC-5AC0-419C-A4CD-E9C84EF3275B}"
EndProject
Project("{FAE04EC0-301F-11D3-BF4B-00C04F79EFBC}") = "LifeGame", "..\LifeGame\LifeGame.csproj", "{AF108663-5D03-42E9-AEC7-AC03A2956ABE}"
EndProject
Global
	GlobalSection(SolutionConfigurationPlatforms) = preSolution
		Debug|Any CPU = Debug|Any CPU
		Release|Any CPU = Release|Any CPU
	EndGlobalSection
	GlobalSection(ProjectConfigurationPlatforms) = postSolution
		{0D1BBEAC-5AC0-419C-A4CD-E9C84EF3275B}.Debug|Any CPU.ActiveCfg = Debug|Any CPU
		{0D1BBEAC-5AC0-419C-A4CD-E9C84EF3275B}.Debug|Any CPU.Build.0 = Debug|Any CPU
		{0D1BBEAC-5AC0-419C-A4CD-E9C84EF3275B}.Release|Any CPU.ActiveCfg = Release|Any CPU
		{0D1BBEAC-5AC0-419C-A4CD-E9C84EF3275B}.Release|Any CPU.Build.0 = Release|Any CPU
		{AF108663-5D03-42E9-AEC7-AC03A2956ABE}.Debug|Any CPU.ActiveCfg = Debug|Any CPU
		{AF108663-5D03-42E9-AEC7-AC03A2956ABE}.Debug|Any CPU.Build.0 = Debug|Any CPU
		{AF108663-5D03-42E9-AEC7-AC03A2956ABE}.Release|Any CPU.ActiveCfg = Release|Any CPU
		{AF108663-5D03-42E9-AEC7-AC03A2956ABE}.Release|Any CPU.Build.0 = Release|Any CPU
	EndGlobalSection
	GlobalSection(SolutionProperties) = preSolution
		HideSolutionNode = FALSE
	EndGlobalSection
	GlobalSection(ExtensibilityGlobals) = postSolution
		SolutionGuid = {18C10353-1D2E-49BF-B8C8-7FFDDDAA8F87}
	EndGlobalSection
EndGlobal
